
Microsoft Visual Studio Solution File, Format Version 12.00
# Visual Studio Version 16
VisualStudioVersion = 16.0.32802.440
MinimumVisualStudioVersion = 10.0.40219.1
Project("{FAE04EC0-301F-11D3-BF4B-00C04F79EFBC}") = "CoreDemos", "CoreDemos\CoreDemos.csproj", "{B6DE337C-A0A0-4B6E-86FF-8E2DE8170BC1}"
EndProject
Project("{FAE04EC0-301F-11D3-BF4B-00C04F79EFBC}") = "EntityLayer", "EntityLayer\EntityLayer.csproj", "{C6F908A8-D60F-4E72-B5F5-C7632F69A6A0}"
EndProject
Project("{FAE04EC0-301F-11D3-BF4B-00C04F79EFBC}") = "DataAccessLayer", "DataAccessLayer\DataAccessLayer.csproj", "{2CFBB095-E4EA-4B59-B807-70DA753E23E1}"
EndProject
Project("{FAE04EC0-301F-11D3-BF4B-00C04F79EFBC}") = "BusinessLayer", "BusinessLayer\BusinessLayer.csproj", "{388A105C-90E3-41B6-B5BC-9B98DBF4B67F}"
EndProject
Project("{FAE04EC0-301F-11D3-BF4B-00C04F79EFBC}") = "CoreLayer", "CoreLayer\CoreLayer.csproj", "{5D286845-9689-4058-9FD1-EA959D7FAE88}"
EndProject
Global
	GlobalSection(SolutionConfigurationPlatforms) = preSolution
		Debug|Any CPU = Debug|Any CPU
		Release|Any CPU = Release|Any CPU
	EndGlobalSection
	GlobalSection(ProjectConfigurationPlatforms) = postSolution
		{B6DE337C-A0A0-4B6E-86FF-8E2DE8170BC1}.Debug|Any CPU.ActiveCfg = Debug|Any CPU
		{B6DE337C-A0A0-4B6E-86FF-8E2DE8170BC1}.Debug|Any CPU.Build.0 = Debug|Any CPU
		{B6DE337C-A0A0-4B6E-86FF-8E2DE8170BC1}.Release|Any CPU.ActiveCfg = Release|Any CPU
		{B6DE337C-A0A0-4B6E-86FF-8E2DE8170BC1}.Release|Any CPU.Build.0 = Release|Any CPU
		{C6F908A8-D60F-4E72-B5F5-C7632F69A6A0}.Debug|Any CPU.ActiveCfg = Debug|Any CPU
		{C6F908A8-D60F-4E72-B5F5-C7632F69A6A0}.Debug|Any CPU.Build.0 = Debug|Any CPU
		{C6F908A8-D60F-4E72-B5F5-C7632F69A6A0}.Release|Any CPU.ActiveCfg = Release|Any CPU
		{C6F908A8-D60F-4E72-B5F5-C7632F69A6A0}.Release|Any CPU.Build.0 = Release|Any CPU
		{2CFBB095-E4EA-4B59-B807-70DA753E23E1}.Debug|Any CPU.ActiveCfg = Debug|Any CPU
		{2CFBB095-E4EA-4B59-B807-70DA753E23E1}.Debug|Any CPU.Build.0 = Debug|Any CPU
		{2CFBB095-E4EA-4B59-B807-70DA753E23E1}.Release|Any CPU.ActiveCfg = Release|Any CPU
		{2CFBB095-E4EA-4B59-B807-70DA753E23E1}.Release|Any CPU.Build.0 = Release|Any CPU
		{388A105C-90E3-41B6-B5BC-9B98DBF4B67F}.Debug|Any CPU.ActiveCfg = Debug|Any CPU
		{388A105C-90E3-41B6-B5BC-9B98DBF4B67F}.Debug|Any CPU.Build.0 = Debug|Any CPU
		{388A105C-90E3-41B6-B5BC-9B98DBF4B67F}.Release|Any CPU.ActiveCfg = Release|Any CPU
		{388A105C-90E3-41B6-B5BC-9B98DBF4B67F}.Release|Any CPU.Build.0 = Release|Any CPU
		{5D286845-9689-4058-9FD1-EA959D7FAE88}.Debug|Any CPU.ActiveCfg = Debug|Any CPU
		{5D286845-9689-4058-9FD1-EA959D7FAE88}.Debug|Any CPU.Build.0 = Debug|Any CPU
		{5D286845-9689-4058-9FD1-EA959D7FAE88}.Release|Any CPU.ActiveCfg = Release|Any CPU
		{5D286845-9689-4058-9FD1-EA959D7FAE88}.Release|Any CPU.Build.0 = Release|Any CPU
	EndGlobalSection
	GlobalSection(SolutionProperties) = preSolution
		HideSolutionNode = FALSE
	EndGlobalSection
	GlobalSection(ExtensibilityGlobals) = postSolution
		SolutionGuid = {2A695FAE-F418-4370-AF39-171D972DB239}
	EndGlobalSection
EndGlobal
